{
  "object": {
    "pins": [
      {
        "package": "libaom",
        "repositoryURL": "https://github.com/SDWebImage/libaom-Xcode.git",
        "state": {
          "branch": null,
          "revision": "482cafbebbc5f32378b82339b7580761fab4fd23",
          "version": "2.0.2"
        }
      },
      {
        "package": "libavif",
        "repositoryURL": "https://github.com/SDWebImage/libavif-Xcode",
        "state": {
          "branch": null,
          "revision": "28be85d8693b8bc2ea3a4d323caf652e740b4683",
          "version": "0.9.1"
        }
      },
      {
        "package": "libvmaf",
        "repositoryURL": "https://github.com/SDWebImage/libvmaf-Xcode.git",
        "state": {
          "branch": null,
          "revision": "26544e92506764862358ce2198ddab9af7685ed5",
          "version": "2.2.0"
        }
      },
      {
        "package": "Nuke",
        "repositoryURL": "https://github.com/kean/Nuke.git",
        "state": {
          "branch": null,
          "revision": "7f73ceaeacd5df75a7994cd82e165ad9ff1815db",
          "version": "9.6.1"
        }
      }
    ]
  },
  "version": 1
}
