{
  "object": {
    "pins": [
      {
        "package": "libaom",
        "repositoryURL": "https://github.com/SDWebImage/libaom-Xcode.git",
        "state": {
          "branch": null,
          "revision": "482cafbebbc5f32378b82339b7580761fab4fd23",
          "version": "2.0.2"
        }
      },
      {
        "package": "libavif",
        "repositoryURL": "https://github.com/delneg/libavif.git",
        "state": {
          "branch": null,
          "revision": "b6fa6e2b3ce600c504de2cb6bb5e2deec1d941e4",
          "version": "0.9.3"
        }
      },
      {
        "package": "libvmaf",
        "repositoryURL": "https://github.com/SDWebImage/libvmaf-Xcode.git",
        "state": {
          "branch": null,
          "revision": "26544e92506764862358ce2198ddab9af7685ed5",
          "version": "2.2.0"
        }
      },
      {
        "package": "Nuke",
        "repositoryURL": "https://github.com/kean/Nuke.git",
        "state": {
          "branch": null,
          "revision": "6be3e778f1663b16dd645b7e8a0a01f73b5ed7f3",
          "version": "10.5.2"
        }
      }
    ]
  },
  "version": 1
}
